Microsoft Visual Studio Solution File, Format Version 12.00
# Visual Studio Version 17
VisualStudioVersion = 17.5.2.0
MinimumVisualStudioVersion = 10.0.40219.1
Project("{FAE04EC0-301F-11D3-BF4B-00C04F79EFBC}") = "NetworkMonitorBackup", "NetworkMonitorBackup.csproj", "{F3BE8635-CE2A-D706-7C03-B9476B8931F4}"
EndProject
Global
	GlobalSection(SolutionConfigurationPlatforms) = preSolution
		Debug|Any CPU = Debug|Any CPU
		Release|Any CPU = Release|Any CPU
	EndGlobalSection
	GlobalSection(ProjectConfigurationPlatforms) = postSolution
		{F3BE8635-CE2A-D706-7C03-B9476B8931F4}.Debug|Any CPU.ActiveCfg = Debug|Any CPU
		{F3BE8635-CE2A-D706-7C03-B9476B8931F4}.Debug|Any CPU.Build.0 = Debug|Any CPU
		{F3BE8635-CE2A-D706-7C03-B9476B8931F4}.Release|Any CPU.ActiveCfg = Release|Any CPU
		{F3BE8635-CE2A-D706-7C03-B9476B8931F4}.Release|Any CPU.Build.0 = Release|Any CPU
	EndGlobalSection
	GlobalSection(SolutionProperties) = preSolution
		HideSolutionNode = FALSE
	EndGlobalSection
	GlobalSection(ExtensibilityGlobals) = postSolution
		SolutionGuid = {0CEA763C-7980-498C-974A-596CA20E19A2}
	EndGlobalSection
EndGlobal
